
Microsoft Visual Studio Solution File, Format Version 12.00
# Visual Studio Version 17
VisualStudioVersion = 17.3.32901.215
MinimumVisualStudioVersion = 10.0.40219.1
Project("{FAE04EC0-301F-11D3-BF4B-00C04F79EFBC}") = "DependancyAttributes", "DependancyAttributes\DependancyAttributes.csproj", "{B10326D5-284C-4417-9BEA-EA48A6DA5ADE}"
EndProject
Global
	GlobalSection(SolutionConfigurationPlatforms) = preSolution
		Debug|Any CPU = Debug|Any CPU
		Release|Any CPU = Release|Any CPU
	EndGlobalSection
	GlobalSection(ProjectConfigurationPlatforms) = postSolution
		{B10326D5-284C-4417-9BEA-EA48A6DA5ADE}.Debug|Any CPU.ActiveCfg = Debug|Any CPU
		{B10326D5-284C-4417-9BEA-EA48A6DA5ADE}.Debug|Any CPU.Build.0 = Debug|Any CPU
		{B10326D5-284C-4417-9BEA-EA48A6DA5ADE}.Release|Any CPU.ActiveCfg = Release|Any CPU
		{B10326D5-284C-4417-9BEA-EA48A6DA5ADE}.Release|Any CPU.Build.0 = Release|Any CPU
	EndGlobalSection
	GlobalSection(SolutionProperties) = preSolution
		HideSolutionNode = FALSE
	EndGlobalSection
	GlobalSection(ExtensibilityGlobals) = postSolution
		SolutionGuid = {4DF42280-0917-4AD3-A3E2-35EC1E6113FF}
	EndGlobalSection
EndGlobal
